
Microsoft Visual Studio Solution File, Format Version 12.00
# Visual Studio Version 17
VisualStudioVersion = 17.0.33402.176
MinimumVisualStudioVersion = 10.0.40219.1
Project("{FAE04EC0-301F-11D3-BF4B-00C04F79EFBC}") = "RsaEncryption.WebApi", "RsaEncryption.WebApi\RsaEncryption.WebApi.csproj", "{30CED4F4-5620-458F-8FDC-062E3D3834BA}"
EndProject
Global
	GlobalSection(SolutionConfigurationPlatforms) = preSolution
		Debug|Any CPU = Debug|Any CPU
		Release|Any CPU = Release|Any CPU
	EndGlobalSection
	GlobalSection(ProjectConfigurationPlatforms) = postSolution
		{30CED4F4-5620-458F-8FDC-062E3D3834BA}.Debug|Any CPU.ActiveCfg = Debug|Any CPU
		{30CED4F4-5620-458F-8FDC-062E3D3834BA}.Debug|Any CPU.Build.0 = Debug|Any CPU
		{30CED4F4-5620-458F-8FDC-062E3D3834BA}.Release|Any CPU.ActiveCfg = Release|Any CPU
		{30CED4F4-5620-458F-8FDC-062E3D3834BA}.Release|Any CPU.Build.0 = Release|Any CPU
	EndGlobalSection
	GlobalSection(SolutionProperties) = preSolution
		HideSolutionNode = FALSE
	EndGlobalSection
	GlobalSection(ExtensibilityGlobals) = postSolution
		SolutionGuid = {DD3E9C5A-479C-4FF5-93E2-AAB1405536F0}
	EndGlobalSection
EndGlobal
